// !$*UTF8*$!
{
	archiveVersion = 1;
	classes = {
	};
	objectVersion = 50;
	objects = {

/* Begin PBXBuildFile section */
		4AD70EC045B6F1E1B11EA72F /* Pods_LeisureMap.framework in Frameworks */ = {isa = PBXBuildFile; fileRef = E657B4C064A0B5CCF612BA47 /* Pods_LeisureMap.framework */; };
		5BA2F138AA4B9CE671D141C5 /* Pods_LeisureMapUITests.framework in Frameworks */ = {isa = PBXBuildFile; fileRef = 0E09DCF19B715211BF6906F4 /* Pods_LeisureMapUITests.framework */; };
		8ABCC2380491F3DD58053125 /* Pods_LeisureMapTests.framework in Frameworks */ = {isa = PBXBuildFile; fileRef = A7D0119EFBD6D3D016A5C733 /* Pods_LeisureMapTests.framework */; };
		AD228AD62109619E00ADF389 /* NetWorker.swift in Sources */ = {isa = PBXBuildFile; fileRef = AD228AD52109619E00ADF389 /* NetWorker.swift */; };
		AD604434210B0C23009C300E /* StoreCellView.swift in Sources */ = {isa = PBXBuildFile; fileRef = AD604433210B0C23009C300E /* StoreCellView.swift */; };
		AD6CEA58210AAA9700518E23 /* ServiceCategory.swift in Sources */ = {isa = PBXBuildFile; fileRef = AD6CEA57210AAA9700518E23 /* ServiceCategory.swift */; };
		AD6CEA5A210AAB6200518E23 /* Store.swift in Sources */ = {isa = PBXBuildFile; fileRef = AD6CEA59210AAB6200518E23 /* Store.swift */; };
		AD6CEA5C210AC03C00518E23 /* SQLiteWorker.swift in Sources */ = {isa = PBXBuildFile; fileRef = AD6CEA5B210AC03C00518E23 /* SQLiteWorker.swift */; };
		AD6CEA5F210AFFC200518E23 /* ServiceCellView.swift in Sources */ = {isa = PBXBuildFile; fileRef = AD6CEA5E210AFFC200518E23 /* ServiceCellView.swift */; };
		ADBFF1262109CF2800AD6ACE /* FileWorker.swift in Sources */ = {isa = PBXBuildFile; fileRef = ADBFF1252109CF2800AD6ACE /* FileWorker.swift */; };
		ADD49B96210858D6008ADACB /* MasterViewController.swift in Sources */ = {isa = PBXBuildFile; fileRef = ADD49B95210858D6008ADACB /* MasterViewController.swift */; };
		ADD49B98210858EC008ADACB /* DetailViewController.swift in Sources */ = {isa = PBXBuildFile; fileRef = ADD49B97210858EC008ADACB /* DetailViewController.swift */; };
		ADD49B9B2108591D008ADACB /* MapViewController.swift in Sources */ = {isa = PBXBuildFile; fileRef = ADD49B9A2108591D008ADACB /* MapViewController.swift */; };
		ADD49B9E21085936008ADACB /* NoteViewController.swift in Sources */ = {isa = PBXBuildFile; fileRef = ADD49B9D21085936008ADACB /* NoteViewController.swift */; };
		ADFD92B62105D5ED004F74B5 /* AppDelegate.swift in Sources */ = {isa = PBXBuildFile; fileRef = ADFD92B52105D5ED004F74B5 /* AppDelegate.swift */; };
		ADFD92B82105D5ED004F74B5 /* ViewController.swift in Sources */ = {isa = PBXBuildFile; fileRef = ADFD92B72105D5ED004F74B5 /* ViewController.swift */; };
		ADFD92BB2105D5ED004F74B5 /* Main.storyboard in Resources */ = {isa = PBXBuildFile; fileRef = ADFD92B92105D5ED004F74B5 /* Main.storyboard */; };
		ADFD92BD2105D5F8004F74B5 /* Assets.xcassets in Resources */ = {isa = PBXBuildFile; fileRef = ADFD92BC2105D5F8004F74B5 /* Assets.xcassets */; };
		ADFD92C02105D5F8004F74B5 /* LaunchScreen.storyboard in Resources */ = {isa = PBXBuildFile; fileRef = ADFD92BE2105D5F8004F74B5 /* LaunchScreen.storyboard */; };
		ADFD92CB2105D5F9004F74B5 /* LeisureMapTests.swift in Sources */ = {isa = PBXBuildFile; fileRef = ADFD92CA2105D5F9004F74B5 /* LeisureMapTests.swift */; };
		ADFD92D62105D5F9004F74B5 /* LeisureMapUITests.swift in Sources */ = {isa = PBXBuildFile; fileRef = ADFD92D52105D5F9004F74B5 /* LeisureMapUITests.swift */; };
		ADFD92E42105DB0B004F74B5 /* SplashViewController.swift in Sources */ = {isa = PBXBuildFile; fileRef = ADFD92E32105DB0B004F74B5 /* SplashViewController.swift */; };
		ADFD92E92105DC5E004F74B5 /* loginViewController.swift in Sources */ = {isa = PBXBuildFile; fileRef = ADFD92E82105DC5E004F74B5 /* loginViewController.swift */; };
/* End PBXBuildFile section */

/* Begin PBXContainerItemProxy section */
		ADFD92C72105D5F9004F74B5 /* PBXContainerItemProxy */ = {
			isa = PBXContainerItemProxy;
			containerPortal = ADFD92AA2105D5ED004F74B5 /* Project object */;
			proxyType = 1;
			remoteGlobalIDString = ADFD92B12105D5ED004F74B5;
			remoteInfo = LeisureMap;
		};
		ADFD92D22105D5F9004F74B5 /* PBXContainerItemProxy */ = {
			isa = PBXContainerItemProxy;
			containerPortal = ADFD92AA2105D5ED004F74B5 /* Project object */;
			proxyType = 1;
			remoteGlobalIDString = ADFD92B12105D5ED004F74B5;
			remoteInfo = LeisureMap;
		};
/* End PBXContainerItemProxy section */

/* Begin PBXFileReference section */
		0E09DCF19B715211BF6906F4 /* Pods_LeisureMapUITests.framework */ = {isa = PBXFileReference; explicitFileType = wrapper.framework; includeInIndex = 0; path = Pods_LeisureMapUITests.framework; sourceTree = BUILT_PRODUCTS_DIR; };
		30C3968885A9C8191B005E33 /* Pods-LeisureMapUITests.debug.xcconfig */ = {isa = PBXFileReference; includeInIndex = 1; lastKnownFileType = text.xcconfig; name = "Pods-LeisureMapUITests.debug.xcconfig"; path = "Pods/Target Support Files/Pods-LeisureMapUITests/Pods-LeisureMapUITests.debug.xcconfig"; sourceTree = "<group>"; };
		32AF47DFC7CF0C2CFF1C1B1B /* Pods-LeisureMapUITests.release.xcconfig */ = {isa = PBXFileReference; includeInIndex = 1; lastKnownFileType = text.xcconfig; name = "Pods-LeisureMapUITests.release.xcconfig"; path = "Pods/Target Support Files/Pods-LeisureMapUITests/Pods-LeisureMapUITests.release.xcconfig"; sourceTree = "<group>"; };
		97ED758D27A31AF676DA82C7 /* Pods-LeisureMapTests.release.xcconfig */ = {isa = PBXFileReference; includeInIndex = 1; lastKnownFileType = text.xcconfig; name = "Pods-LeisureMapTests.release.xcconfig"; path = "Pods/Target Support Files/Pods-LeisureMapTests/Pods-LeisureMapTests.release.xcconfig"; sourceTree = "<group>"; };
		A7D0119EFBD6D3D016A5C733 /* Pods_LeisureMapTests.framework */ = {isa = PBXFileReference; explicitFileType = wrapper.framework; includeInIndex = 0; path = Pods_LeisureMapTests.framework; sourceTree = BUILT_PRODUCTS_DIR; };
		AD228AD52109619E00ADF389 /* NetWorker.swift */ = {isa = PBXFileReference; lastKnownFileType = sourcecode.swift; path = NetWorker.swift; sourceTree = "<group>"; };
		AD604433210B0C23009C300E /* StoreCellView.swift */ = {isa = PBXFileReference; lastKnownFileType = sourcecode.swift; path = StoreCellView.swift; sourceTree = "<group>"; };
		AD6CEA57210AAA9700518E23 /* ServiceCategory.swift */ = {isa = PBXFileReference; lastKnownFileType = sourcecode.swift; path = ServiceCategory.swift; sourceTree = "<group>"; };
		AD6CEA59210AAB6200518E23 /* Store.swift */ = {isa = PBXFileReference; lastKnownFileType = sourcecode.swift; path = Store.swift; sourceTree = "<group>"; };
		AD6CEA5B210AC03C00518E23 /* SQLiteWorker.swift */ = {isa = PBXFileReference; fileEncoding = 4; lastKnownFileType = sourcecode.swift; path = SQLiteWorker.swift; sourceTree = "<group>"; };
		AD6CEA5E210AFFC200518E23 /* ServiceCellView.swift */ = {isa = PBXFileReference; lastKnownFileType = sourcecode.swift; path = ServiceCellView.swift; sourceTree = "<group>"; };
		ADBFF1252109CF2800AD6ACE /* FileWorker.swift */ = {isa = PBXFileReference; lastKnownFileType = sourcecode.swift; path = FileWorker.swift; sourceTree = "<group>"; };
		ADD49B95210858D6008ADACB /* MasterViewController.swift */ = {isa = PBXFileReference; lastKnownFileType = sourcecode.swift; path = MasterViewController.swift; sourceTree = "<group>"; };
		ADD49B97210858EC008ADACB /* DetailViewController.swift */ = {isa = PBXFileReference; lastKnownFileType = sourcecode.swift; path = DetailViewController.swift; sourceTree = "<group>"; };
		ADD49B9A2108591D008ADACB /* MapViewController.swift */ = {isa = PBXFileReference; lastKnownFileType = sourcecode.swift; path = MapViewController.swift; sourceTree = "<group>"; };
		ADD49B9D21085936008ADACB /* NoteViewController.swift */ = {isa = PBXFileReference; lastKnownFileType = sourcecode.swift; path = NoteViewController.swift; sourceTree = "<group>"; };
		ADFD92B22105D5ED004F74B5 /* LeisureMap.app */ = {isa = PBXFileReference; explicitFileType = wrapper.application; includeInIndex = 0; path = LeisureMap.app; sourceTree = BUILT_PRODUCTS_DIR; };
		ADFD92B52105D5ED004F74B5 /* AppDelegate.swift */ = {isa = PBXFileReference; lastKnownFileType = sourcecode.swift; path = AppDelegate.swift; sourceTree = "<group>"; };
		ADFD92B72105D5ED004F74B5 /* ViewController.swift */ = {isa = PBXFileReference; lastKnownFileType = sourcecode.swift; path = ViewController.swift; sourceTree = "<group>"; };
		ADFD92BA2105D5ED004F74B5 /* Base */ = {isa = PBXFileReference; lastKnownFileType = file.storyboard; name = Base; path = Base.lproj/Main.storyboard; sourceTree = "<group>"; };
		ADFD92BC2105D5F8004F74B5 /* Assets.xcassets */ = {isa = PBXFileReference; lastKnownFileType = folder.assetcatalog; path = Assets.xcassets; sourceTree = "<group>"; };
		ADFD92BF2105D5F8004F74B5 /* Base */ = {isa = PBXFileReference; lastKnownFileType = file.storyboard; name = Base; path = Base.lproj/LaunchScreen.storyboard; sourceTree = "<group>"; };
		ADFD92C12105D5F8004F74B5 /* Info.plist */ = {isa = PBXFileReference; lastKnownFileType = text.plist.xml; path = Info.plist; sourceTree = "<group>"; };
		ADFD92C62105D5F9004F74B5 /* LeisureMapTests.xctest */ = {isa = PBXFileReference; explicitFileType = wrapper.cfbundle; includeInIndex = 0; path = LeisureMapTests.xctest; sourceTree = BUILT_PRODUCTS_DIR; };
		ADFD92CA2105D5F9004F74B5 /* LeisureMapTests.swift */ = {isa = PBXFileReference; lastKnownFileType = sourcecode.swift; path = LeisureMapTests.swift; sourceTree = "<group>"; };
		ADFD92CC2105D5F9004F74B5 /* Info.plist */ = {isa = PBXFileReference; lastKnownFileType = text.plist.xml; path = Info.plist; sourceTree = "<group>"; };
		ADFD92D12105D5F9004F74B5 /* LeisureMapUITests.xctest */ = {isa = PBXFileReference; explicitFileType = wrapper.cfbundle; includeInIndex = 0; path = LeisureMapUITests.xctest; sourceTree = BUILT_PRODUCTS_DIR; };
		ADFD92D52105D5F9004F74B5 /* LeisureMapUITests.swift */ = {isa = PBXFileReference; lastKnownFileType = sourcecode.swift; path = LeisureMapUITests.swift; sourceTree = "<group>"; };
		ADFD92D72105D5F9004F74B5 /* Info.plist */ = {isa = PBXFileReference; lastKnownFileType = text.plist.xml; path = Info.plist; sourceTree = "<group>"; };
		ADFD92E32105DB0B004F74B5 /* SplashViewController.swift */ = {isa = PBXFileReference; lastKnownFileType = sourcecode.swift; path = SplashViewController.swift; sourceTree = "<group>"; };
		ADFD92E82105DC5E004F74B5 /* loginViewController.swift */ = {isa = PBXFileReference; lastKnownFileType = sourcecode.swift; path = loginViewController.swift; sourceTree = "<group>"; };
		B9B61DDAD772FFC5A663FDF1 /* Pods-LeisureMapTests.debug.xcconfig */ = {isa = PBXFileReference; includeInIndex = 1; lastKnownFileType = text.xcconfig; name = "Pods-LeisureMapTests.debug.xcconfig"; path = "Pods/Target Support Files/Pods-LeisureMapTests/Pods-LeisureMapTests.debug.xcconfig"; sourceTree = "<group>"; };
		E20F292E34070630C734E69C /* Pods-LeisureMap.debug.xcconfig */ = {isa = PBXFileReference; includeInIndex = 1; lastKnownFileType = text.xcconfig; name = "Pods-LeisureMap.debug.xcconfig"; path = "Pods/Target Support Files/Pods-LeisureMap/Pods-LeisureMap.debug.xcconfig"; sourceTree = "<group>"; };
		E657B4C064A0B5CCF612BA47 /* Pods_LeisureMap.framework */ = {isa = PBXFileReference; explicitFileType = wrapper.framework; includeInIndex = 0; path = Pods_LeisureMap.framework; sourceTree = BUILT_PRODUCTS_DIR; };
		ECAD6046AF9882EF97A3293E /* Pods-LeisureMap.release.xcconfig */ = {isa = PBXFileReference; includeInIndex = 1; lastKnownFileType = text.xcconfig; name = "Pods-LeisureMap.release.xcconfig"; path = "Pods/Target Support Files/Pods-LeisureMap/Pods-LeisureMap.release.xcconfig"; sourceTree = "<group>"; };
/* End PBXFileReference section */

/* Begin PBXFrameworksBuildPhase section */
		ADFD92AF2105D5ED004F74B5 /* Frameworks */ = {
			isa = PBXFrameworksBuildPhase;
			buildActionMask = 2147483647;
			files = (
				4AD70EC045B6F1E1B11EA72F /* Pods_LeisureMap.framework in Frameworks */,
			);
			runOnlyForDeploymentPostprocessing = 0;
		};
		ADFD92C32105D5F9004F74B5 /* Frameworks */ = {
			isa = PBXFrameworksBuildPhase;
			buildActionMask = 2147483647;
			files = (
				8ABCC2380491F3DD58053125 /* Pods_LeisureMapTests.framework in Frameworks */,
			);
			runOnlyForDeploymentPostprocessing = 0;
		};
		ADFD92CE2105D5F9004F74B5 /* Frameworks */ = {
			isa = PBXFrameworksBuildPhase;
			buildActionMask = 2147483647;
			files = (
				5BA2F138AA4B9CE671D141C5 /* Pods_LeisureMapUITests.framework in Frameworks */,
			);
			runOnlyForDeploymentPostprocessing = 0;
		};
/* End PBXFrameworksBuildPhase section */

/* Begin PBXGroup section */
		1ED7F08107A51BFAB5600C22 /* Pods */ = {
			isa = PBXGroup;
			children = (
				E20F292E34070630C734E69C /* Pods-LeisureMap.debug.xcconfig */,
				ECAD6046AF9882EF97A3293E /* Pods-LeisureMap.release.xcconfig */,
				B9B61DDAD772FFC5A663FDF1 /* Pods-LeisureMapTests.debug.xcconfig */,
				97ED758D27A31AF676DA82C7 /* Pods-LeisureMapTests.release.xcconfig */,
				30C3968885A9C8191B005E33 /* Pods-LeisureMapUITests.debug.xcconfig */,
				32AF47DFC7CF0C2CFF1C1B1B /* Pods-LeisureMapUITests.release.xcconfig */,
			);
			name = Pods;
			sourceTree = "<group>";
		};
		AD228AD42109613A00ADF389 /* Worker */ = {
			isa = PBXGroup;
			children = (
				AD6CEA5B210AC03C00518E23 /* SQLiteWorker.swift */,
				AD228AD52109619E00ADF389 /* NetWorker.swift */,
				ADBFF1252109CF2800AD6ACE /* FileWorker.swift */,
			);
			path = Worker;
			sourceTree = "<group>";
		};
		AD6CEA56210AA9EE00518E23 /* Model */ = {
			isa = PBXGroup;
			children = (
				AD6CEA57210AAA9700518E23 /* ServiceCategory.swift */,
				AD6CEA59210AAB6200518E23 /* Store.swift */,
			);
			path = Model;
			sourceTree = "<group>";
		};
		AD6CEA5D210AFF3700518E23 /* CellView */ = {
			isa = PBXGroup;
			children = (
				AD6CEA5E210AFFC200518E23 /* ServiceCellView.swift */,
				AD604433210B0C23009C300E /* StoreCellView.swift */,
			);
			path = CellView;
			sourceTree = "<group>";
		};
		ADD49B94210858A2008ADACB /* MasterDetail */ = {
			isa = PBXGroup;
			children = (
				AD6CEA5D210AFF3700518E23 /* CellView */,
				ADD49B95210858D6008ADACB /* MasterViewController.swift */,
				ADD49B97210858EC008ADACB /* DetailViewController.swift */,
			);
			path = MasterDetail;
			sourceTree = "<group>";
		};
		ADD49B9921085901008ADACB /* mapFlow */ = {
			isa = PBXGroup;
			children = (
				ADD49B9A2108591D008ADACB /* MapViewController.swift */,
			);
			path = mapFlow;
			sourceTree = "<group>";
		};
		ADD49B9C21085923008ADACB /* NoteFlow */ = {
			isa = PBXGroup;
			children = (
				ADD49B9D21085936008ADACB /* NoteViewController.swift */,
			);
			path = NoteFlow;
			sourceTree = "<group>";
		};
		ADFD92A92105D5ED004F74B5 = {
			isa = PBXGroup;
			children = (
				ADFD92B42105D5ED004F74B5 /* LeisureMap */,
				ADFD92C92105D5F9004F74B5 /* LeisureMapTests */,
				ADFD92D42105D5F9004F74B5 /* LeisureMapUITests */,
				ADFD92B32105D5ED004F74B5 /* Products */,
				1ED7F08107A51BFAB5600C22 /* Pods */,
				CC49ECDCC46D0367A08D94EB /* Frameworks */,
			);
			sourceTree = "<group>";
		};
		ADFD92B32105D5ED004F74B5 /* Products */ = {
			isa = PBXGroup;
			children = (
				ADFD92B22105D5ED004F74B5 /* LeisureMap.app */,
				ADFD92C62105D5F9004F74B5 /* LeisureMapTests.xctest */,
				ADFD92D12105D5F9004F74B5 /* LeisureMapUITests.xctest */,
			);
			name = Products;
			sourceTree = "<group>";
		};
		ADFD92B42105D5ED004F74B5 /* LeisureMap */ = {
			isa = PBXGroup;
			children = (
				AD6CEA56210AA9EE00518E23 /* Model */,
				AD228AD42109613A00ADF389 /* Worker */,
				ADD49B9C21085923008ADACB /* NoteFlow */,
				ADD49B9921085901008ADACB /* mapFlow */,
				ADD49B94210858A2008ADACB /* MasterDetail */,
				ADFD92E72105DC3A004F74B5 /* loginFlow */,
				ADFD92B52105D5ED004F74B5 /* AppDelegate.swift */,
				ADFD92B72105D5ED004F74B5 /* ViewController.swift */,
				ADFD92B92105D5ED004F74B5 /* Main.storyboard */,
				ADFD92BC2105D5F8004F74B5 /* Assets.xcassets */,
				ADFD92BE2105D5F8004F74B5 /* LaunchScreen.storyboard */,
				ADFD92C12105D5F8004F74B5 /* Info.plist */,
				ADFD92E32105DB0B004F74B5 /* SplashViewController.swift */,
			);
			path = LeisureMap;
			sourceTree = "<group>";
		};
		ADFD92C92105D5F9004F74B5 /* LeisureMapTests */ = {
			isa = PBXGroup;
			children = (
				ADFD92CA2105D5F9004F74B5 /* LeisureMapTests.swift */,
				ADFD92CC2105D5F9004F74B5 /* Info.plist */,
			);
			path = LeisureMapTests;
			sourceTree = "<group>";
		};
		ADFD92D42105D5F9004F74B5 /* LeisureMapUITests */ = {
			isa = PBXGroup;
			children = (
				ADFD92D52105D5F9004F74B5 /* LeisureMapUITests.swift */,
				ADFD92D72105D5F9004F74B5 /* Info.plist */,
			);
			path = LeisureMapUITests;
			sourceTree = "<group>";
		};
		ADFD92E72105DC3A004F74B5 /* loginFlow */ = {
			isa = PBXGroup;
			children = (
				ADFD92E82105DC5E004F74B5 /* loginViewController.swift */,
			);
			path = loginFlow;
			sourceTree = "<group>";
		};
		CC49ECDCC46D0367A08D94EB /* Frameworks */ = {
			isa = PBXGroup;
			children = (
				E657B4C064A0B5CCF612BA47 /* Pods_LeisureMap.framework */,
				A7D0119EFBD6D3D016A5C733 /* Pods_LeisureMapTests.framework */,
				0E09DCF19B715211BF6906F4 /* Pods_LeisureMapUITests.framework */,
			);
			name = Frameworks;
			sourceTree = "<group>";
		};
/* End PBXGroup section */

/* Begin PBXNativeTarget section */
		ADFD92B12105D5ED004F74B5 /* LeisureMap */ = {
			isa = PBXNativeTarget;
			buildConfigurationList = ADFD92DA2105D5F9004F74B5 /* Build configuration list for PBXNativeTarget "LeisureMap" */;
			buildPhases = (
				16191AE21157DB302598FB1D /* [CP] Check Pods Manifest.lock */,
				ADFD92AE2105D5ED004F74B5 /* Sources */,
				ADFD92AF2105D5ED004F74B5 /* Frameworks */,
				ADFD92B02105D5ED004F74B5 /* Resources */,
				5B05BB882339150A226ED56A /* [CP] Embed Pods Frameworks */,
			);
			buildRules = (
			);
			dependencies = (
			);
			name = LeisureMap;
			productName = LeisureMap;
			productReference = ADFD92B22105D5ED004F74B5 /* LeisureMap.app */;
			productType = "com.apple.product-type.application";
		};
		ADFD92C52105D5F9004F74B5 /* LeisureMapTests */ = {
			isa = PBXNativeTarget;
			buildConfigurationList = ADFD92DD2105D5F9004F74B5 /* Build configuration list for PBXNativeTarget "LeisureMapTests" */;
			buildPhases = (
				BE25E4F0A94B61F77E74A2D3 /* [CP] Check Pods Manifest.lock */,
				ADFD92C22105D5F9004F74B5 /* Sources */,
				ADFD92C32105D5F9004F74B5 /* Frameworks */,
				ADFD92C42105D5F9004F74B5 /* Resources */,
			);
			buildRules = (
			);
			dependencies = (
				ADFD92C82105D5F9004F74B5 /* PBXTargetDependency */,
			);
			name = LeisureMapTests;
			productName = LeisureMapTests;
			productReference = ADFD92C62105D5F9004F74B5 /* LeisureMapTests.xctest */;
			productType = "com.apple.product-type.bundle.unit-test";
		};
		ADFD92D02105D5F9004F74B5 /* LeisureMapUITests */ = {
			isa = PBXNativeTarget;
			buildConfigurationList = ADFD92E02105D5F9004F74B5 /* Build configuration list for PBXNativeTarget "LeisureMapUITests" */;
			buildPhases = (
				C292335CDD738625F3C2E474 /* [CP] Check Pods Manifest.lock */,
				ADFD92CD2105D5F9004F74B5 /* Sources */,
				ADFD92CE2105D5F9004F74B5 /* Frameworks */,
				ADFD92CF2105D5F9004F74B5 /* Resources */,
			);
			buildRules = (
			);
			dependencies = (
				ADFD92D32105D5F9004F74B5 /* PBXTargetDependency */,
			);
			name = LeisureMapUITests;
			productName = LeisureMapUITests;
			productReference = ADFD92D12105D5F9004F74B5 /* LeisureMapUITests.xctest */;
			productType = "com.apple.product-type.bundle.ui-testing";
		};
/* End PBXNativeTarget section */

/* Begin PBXProject section */
		ADFD92AA2105D5ED004F74B5 /* Project object */ = {
			isa = PBXProject;
			attributes = {
				LastSwiftUpdateCheck = 1000;
				LastUpgradeCheck = 1000;
				ORGANIZATIONNAME = anshangyuan;
				TargetAttributes = {
					ADFD92B12105D5ED004F74B5 = {
						CreatedOnToolsVersion = 10.0;
					};
					ADFD92C52105D5F9004F74B5 = {
						CreatedOnToolsVersion = 10.0;
						TestTargetID = ADFD92B12105D5ED004F74B5;
					};
					ADFD92D02105D5F9004F74B5 = {
						CreatedOnToolsVersion = 10.0;
						TestTargetID = ADFD92B12105D5ED004F74B5;
					};
				};
			};
			buildConfigurationList = ADFD92AD2105D5ED004F74B5 /* Build configuration list for PBXProject "LeisureMap" */;
			compatibilityVersion = "Xcode 9.3";
			developmentRegion = en;
			hasScannedForEncodings = 0;
			knownRegions = (
				en,
				Base,
			);
			mainGroup = ADFD92A92105D5ED004F74B5;
			productRefGroup = ADFD92B32105D5ED004F74B5 /* Products */;
			projectDirPath = "";
			projectRoot = "";
			targets = (
				ADFD92B12105D5ED004F74B5 /* LeisureMap */,
				ADFD92C52105D5F9004F74B5 /* LeisureMapTests */,
				ADFD92D02105D5F9004F74B5 /* LeisureMapUITests */,
			);
		};
/* End PBXProject section */

/* Begin PBXResourcesBuildPhase section */
		ADFD92B02105D5ED004F74B5 /* Resources */ = {
			isa = PBXResourcesBuildPhase;
			buildActionMask = 2147483647;
			files = (
				ADFD92C02105D5F8004F74B5 /* LaunchScreen.storyboard in Resources */,
				ADFD92BD2105D5F8004F74B5 /* Assets.xcassets in Resources */,
				ADFD92BB2105D5ED004F74B5 /* Main.storyboard in Resources */,
			);
			runOnlyForDeploymentPostprocessing = 0;
		};
		ADFD92C42105D5F9004F74B5 /* Resources */ = {
			isa = PBXResourcesBuildPhase;
			buildActionMask = 2147483647;
			files = (
			);
			runOnlyForDeploymentPostprocessing = 0;
		};
		ADFD92CF2105D5F9004F74B5 /* Resources */ = {
			isa = PBXResourcesBuildPhase;
			buildActionMask = 2147483647;
			files = (
			);
			runOnlyForDeploymentPostprocessing = 0;
		};
/* End PBXResourcesBuildPhase section */

/* Begin PBXShellScriptBuildPhase section */
		16191AE21157DB302598FB1D /* [CP] Check Pods Manifest.lock */ = {
			isa = PBXShellScriptBuildPhase;
			buildActionMask = 2147483647;
			files = (
			);
			inputPaths = (
				"${PODS_PODFILE_DIR_PATH}/Podfile.lock",
				"${PODS_ROOT}/Manifest.lock",
			);
			name = "[CP] Check Pods Manifest.lock";
			outputPaths = (
				"$(DERIVED_FILE_DIR)/Pods-LeisureMap-checkManifestLockResult.txt",
			);
			runOnlyForDeploymentPostprocessing = 0;
			shellPath = /bin/sh;
			shellScript = "diff \"${PODS_PODFILE_DIR_PATH}/Podfile.lock\" \"${PODS_ROOT}/Manifest.lock\" > /dev/null\nif [ $? != 0 ] ; then\n    # print error to STDERR\n    echo \"error: The sandbox is not in sync with the Podfile.lock. Run 'pod install' or update your CocoaPods installation.\" >&2\n    exit 1\nfi\n# This output is used by Xcode 'outputs' to avoid re-running this script phase.\necho \"SUCCESS\" > \"${SCRIPT_OUTPUT_FILE_0}\"\n";
			showEnvVarsInLog = 0;
		};
		5B05BB882339150A226ED56A /* [CP] Embed Pods Frameworks */ = {
			isa = PBXShellScriptBuildPhase;
			buildActionMask = 2147483647;
			files = (
			);
			inputPaths = (
				"${SRCROOT}/Pods/Target Support Files/Pods-LeisureMap/Pods-LeisureMap-frameworks.sh",
				"${BUILT_PRODUCTS_DIR}/SQLite.swift/SQLite.framework",
				"${BUILT_PRODUCTS_DIR}/SwiftyJSON/SwiftyJSON.framework",
			);
			name = "[CP] Embed Pods Frameworks";
			outputPaths = (
				"${TARGET_BUILD_DIR}/${FRAMEWORKS_FOLDER_PATH}/SQLite.framework",
				"${TARGET_BUILD_DIR}/${FRAMEWORKS_FOLDER_PATH}/SwiftyJSON.framework",
			);
			runOnlyForDeploymentPostprocessing = 0;
			shellPath = /bin/sh;
			shellScript = "\"${SRCROOT}/Pods/Target Support Files/Pods-LeisureMap/Pods-LeisureMap-frameworks.sh\"\n";
			showEnvVarsInLog = 0;
		};
		BE25E4F0A94B61F77E74A2D3 /* [CP] Check Pods Manifest.lock */ = {
			isa = PBXShellScriptBuildPhase;
			buildActionMask = 2147483647;
			files = (
			);
			inputPaths = (
				"${PODS_PODFILE_DIR_PATH}/Podfile.lock",
				"${PODS_ROOT}/Manifest.lock",
			);
			name = "[CP] Check Pods Manifest.lock";
			outputPaths = (
				"$(DERIVED_FILE_DIR)/Pods-LeisureMapTests-checkManifestLockResult.txt",
			);
			runOnlyForDeploymentPostprocessing = 0;
			shellPath = /bin/sh;
			shellScript = "diff \"${PODS_PODFILE_DIR_PATH}/Podfile.lock\" \"${PODS_ROOT}/Manifest.lock\" > /dev/null\nif [ $? != 0 ] ; then\n    # print error to STDERR\n    echo \"error: The sandbox is not in sync with the Podfile.lock. Run 'pod install' or update your CocoaPods installation.\" >&2\n    exit 1\nfi\n# This output is used by Xcode 'outputs' to avoid re-running this script phase.\necho \"SUCCESS\" > \"${SCRIPT_OUTPUT_FILE_0}\"\n";
			showEnvVarsInLog = 0;
		};
		C292335CDD738625F3C2E474 /* [CP] Check Pods Manifest.lock */ = {
			isa = PBXShellScriptBuildPhase;
			buildActionMask = 2147483647;
			files = (
			);
			inputPaths = (
				"${PODS_PODFILE_DIR_PATH}/Podfile.lock",
				"${PODS_ROOT}/Manifest.lock",
			);
			name = "[CP] Check Pods Manifest.lock";
			outputPaths = (
				"$(DERIVED_FILE_DIR)/Pods-LeisureMapUITests-checkManifestLockResult.txt",
			);
			runOnlyForDeploymentPostprocessing = 0;
			shellPath = /bin/sh;
			shellScript = "diff \"${PODS_PODFILE_DIR_PATH}/Podfile.lock\" \"${PODS_ROOT}/Manifest.lock\" > /dev/null\nif [ $? != 0 ] ; then\n    # print error to STDERR\n    echo \"error: The sandbox is not in sync with the Podfile.lock. Run 'pod install' or update your CocoaPods installation.\" >&2\n    exit 1\nfi\n# This output is used by Xcode 'outputs' to avoid re-running this script phase.\necho \"SUCCESS\" > \"${SCRIPT_OUTPUT_FILE_0}\"\n";
			showEnvVarsInLog = 0;
		};
/* End PBXShellScriptBuildPhase section */

/* Begin PBXSourcesBuildPhase section */
		ADFD92AE2105D5ED004F74B5 /* Sources */ = {
			isa = PBXSourcesBuildPhase;
			buildActionMask = 2147483647;
			files = (
				ADD49B9E21085936008ADACB /* NoteViewController.swift in Sources */,
				AD6CEA58210AAA9700518E23 /* ServiceCategory.swift in Sources */,
				ADD49B96210858D6008ADACB /* MasterViewController.swift in Sources */,
				AD6CEA5A210AAB6200518E23 /* Store.swift in Sources */,
				ADFD92E92105DC5E004F74B5 /* loginViewController.swift in Sources */,
				AD604434210B0C23009C300E /* StoreCellView.swift in Sources */,
				AD6CEA5C210AC03C00518E23 /* SQLiteWorker.swift in Sources */,
				ADBFF1262109CF2800AD6ACE /* FileWorker.swift in Sources */,
				ADFD92E42105DB0B004F74B5 /* SplashViewController.swift in Sources */,
				ADD49B98210858EC008ADACB /* DetailViewController.swift in Sources */,
				ADFD92B82105D5ED004F74B5 /* ViewController.swift in Sources */,
				ADFD92B62105D5ED004F74B5 /* AppDelegate.swift in Sources */,
				ADD49B9B2108591D008ADACB /* MapViewController.swift in Sources */,
				AD6CEA5F210AFFC200518E23 /* ServiceCellView.swift in Sources */,
				AD228AD62109619E00ADF389 /* NetWorker.swift in Sources */,
			);
			runOnlyForDeploymentPostprocessing = 0;
		};
		ADFD92C22105D5F9004F74B5 /* Sources */ = {
			isa = PBXSourcesBuildPhase;
			buildActionMask = 2147483647;
			files = (
				ADFD92CB2105D5F9004F74B5 /* LeisureMapTests.swift in Sources */,
			);
			runOnlyForDeploymentPostprocessing = 0;
		};
		ADFD92CD2105D5F9004F74B5 /* Sources */ = {
			isa = PBXSourcesBuildPhase;
			buildActionMask = 2147483647;
			files = (
				ADFD92D62105D5F9004F74B5 /* LeisureMapUITests.swift in Sources */,
			);
			runOnlyForDeploymentPostprocessing = 0;
		};
/* End PBXSourcesBuildPhase section */

/* Begin PBXTargetDependency section */
		ADFD92C82105D5F9004F74B5 /* PBXTargetDependency */ = {
			isa = PBXTargetDependency;
			target = ADFD92B12105D5ED004F74B5 /* LeisureMap */;
			targetProxy = ADFD92C72105D5F9004F74B5 /* PBXContainerItemProxy */;
		};
		ADFD92D32105D5F9004F74B5 /* PBXTargetDependency */ = {
			isa = PBXTargetDependency;
			target = ADFD92B12105D5ED004F74B5 /* LeisureMap */;
			targetProxy = ADFD92D22105D5F9004F74B5 /* PBXContainerItemProxy */;
		};
/* End PBXTargetDependency section */

/* Begin PBXVariantGroup section */
		ADFD92B92105D5ED004F74B5 /* Main.storyboard */ = {
			isa = PBXVariantGroup;
			children = (
				ADFD92BA2105D5ED004F74B5 /* Base */,
			);
			name = Main.storyboard;
			sourceTree = "<group>";
		};
		ADFD92BE2105D5F8004F74B5 /* LaunchScreen.storyboard */ = {
			isa = PBXVariantGroup;
			children = (
				ADFD92BF2105D5F8004F74B5 /* Base */,
			);
			name = LaunchScreen.storyboard;
			sourceTree = "<group>";
		};
/* End PBXVariantGroup section */

/* Begin XCBuildConfiguration section */
		ADFD92D82105D5F9004F74B5 /* Debug */ = {
			isa = XCBuildConfiguration;
			buildSettings = {
				ALWAYS_SEARCH_USER_PATHS = NO;
				CLANG_ANALYZER_NONNULL = YES;
				CLANG_ANALYZER_NUMBER_OBJECT_CONVERSION = YES_AGGRESSIVE;
				CLANG_CXX_LANGUAGE_STANDARD = "gnu++14";
				CLANG_CXX_LIBRARY = "libc++";
				CLANG_ENABLE_MODULES = YES;
				CLANG_ENABLE_OBJC_ARC = YES;
				CLANG_ENABLE_OBJC_WEAK = YES;
				CLANG_WARN_BLOCK_CAPTURE_AUTORELEASING = YES;
				CLANG_WARN_BOOL_CONVERSION = YES;
				CLANG_WARN_COMMA = YES;
				CLANG_WARN_CONSTANT_CONVERSION = YES;
				CLANG_WARN_DEPRECATED_OBJC_IMPLEMENTATIONS = YES;
				CLANG_WARN_DIRECT_OBJC_ISA_USAGE = YES_ERROR;
				CLANG_WARN_DOCUMENTATION_COMMENTS = YES;
				CLANG_WARN_EMPTY_BODY = YES;
				CLANG_WARN_ENUM_CONVERSION = YES;
				CLANG_WARN_INFINITE_RECURSION = YES;
				CLANG_WARN_INT_CONVERSION = YES;
				CLANG_WARN_NON_LITERAL_NULL_CONVERSION = YES;
				CLANG_WARN_OBJC_IMPLICIT_RETAIN_SELF = YES;
				CLANG_WARN_OBJC_LITERAL_CONVERSION = YES;
				CLANG_WARN_OBJC_ROOT_CLASS = YES_ERROR;
				CLANG_WARN_RANGE_LOOP_ANALYSIS = YES;
				CLANG_WARN_STRICT_PROTOTYPES = YES;
				CLANG_WARN_SUSPICIOUS_MOVE = YES;
				CLANG_WARN_UNGUARDED_AVAILABILITY = YES_AGGRESSIVE;
				CLANG_WARN_UNREACHABLE_CODE = YES;
				CLANG_WARN__DUPLICATE_METHOD_MATCH = YES;
				CODE_SIGN_IDENTITY = "iPhone Developer";
				COPY_PHASE_STRIP = NO;
				DEBUG_INFORMATION_FORMAT = dwarf;
				ENABLE_STRICT_OBJC_MSGSEND = YES;
				ENABLE_TESTABILITY = YES;
				GCC_C_LANGUAGE_STANDARD = gnu11;
				GCC_DYNAMIC_NO_PIC = NO;
				GCC_NO_COMMON_BLOCKS = YES;
				GCC_OPTIMIZATION_LEVEL = 0;
				GCC_PREPROCESSOR_DEFINITIONS = (
					"DEBUG=1",
					"$(inherited)",
				);
				GCC_WARN_64_TO_32_BIT_CONVERSION = YES;
				GCC_WARN_ABOUT_RETURN_TYPE = YES_ERROR;
				GCC_WARN_UNDECLARED_SELECTOR = YES;
				GCC_WARN_UNINITIALIZED_AUTOS = YES_AGGRESSIVE;
				GCC_WARN_UNUSED_FUNCTION = YES;
				GCC_WARN_UNUSED_VARIABLE = YES;
				IPHONEOS_DEPLOYMENT_TARGET = 12.0;
				MTL_ENABLE_DEBUG_INFO = INCLUDE_SOURCE;
				MTL_FAST_MATH = YES;
				ONLY_ACTIVE_ARCH = YES;
				SDKROOT = iphoneos;
				SWIFT_ACTIVE_COMPILATION_CONDITIONS = DEBUG;
				SWIFT_OPTIMIZATION_LEVEL = "-Onone";
			};
			name = Debug;
		};
		ADFD92D92105D5F9004F74B5 /* Release */ = {
			isa = XCBuildConfiguration;
			buildSettings = {
				ALWAYS_SEARCH_USER_PATHS = NO;
				CLANG_ANALYZER_NONNULL = YES;
				CLANG_ANALYZER_NUMBER_OBJECT_CONVERSION = YES_AGGRESSIVE;
				CLANG_CXX_LANGUAGE_STANDARD = "gnu++14";
				CLANG_CXX_LIBRARY = "libc++";
				CLANG_ENABLE_MODULES = YES;
				CLANG_ENABLE_OBJC_ARC = YES;
				CLANG_ENABLE_OBJC_WEAK = YES;
				CLANG_WARN_BLOCK_CAPTURE_AUTORELEASING = YES;
				CLANG_WARN_BOOL_CONVERSION = YES;
				CLANG_WARN_COMMA = YES;
				CLANG_WARN_CONSTANT_CONVERSION = YES;
				CLANG_WARN_DEPRECATED_OBJC_IMPLEMENTATIONS = YES;
				CLANG_WARN_DIRECT_OBJC_ISA_USAGE = YES_ERROR;
				CLANG_WARN_DOCUMENTATION_COMMENTS = YES;
				CLANG_WARN_EMPTY_BODY = YES;
				CLANG_WARN_ENUM_CONVERSION = YES;
				CLANG_WARN_INFINITE_RECURSION = YES;
				CLANG_WARN_INT_CONVERSION = YES;
				CLANG_WARN_NON_LITERAL_NULL_CONVERSION = YES;
				CLANG_WARN_OBJC_IMPLICIT_RETAIN_SELF = YES;
				CLANG_WARN_OBJC_LITERAL_CONVERSION = YES;
				CLANG_WARN_OBJC_ROOT_CLASS = YES_ERROR;
				CLANG_WARN_RANGE_LOOP_ANALYSIS = YES;
				CLANG_WARN_STRICT_PROTOTYPES = YES;
				CLANG_WARN_SUSPICIOUS_MOVE = YES;
				CLANG_WARN_UNGUARDED_AVAILABILITY = YES_AGGRESSIVE;
				CLANG_WARN_UNREACHABLE_CODE = YES;
				CLANG_WARN__DUPLICATE_METHOD_MATCH = YES;
				CODE_SIGN_IDENTITY = "iPhone Developer";
				COPY_PHASE_STRIP = NO;
				DEBUG_INFORMATION_FORMAT = "dwarf-with-dsym";
				ENABLE_NS_ASSERTIONS = NO;
				ENABLE_STRICT_OBJC_MSGSEND = YES;
				GCC_C_LANGUAGE_STANDARD = gnu11;
				GCC_NO_COMMON_BLOCKS = YES;
				GCC_WARN_64_TO_32_BIT_CONVERSION = YES;
				GCC_WARN_ABOUT_RETURN_TYPE = YES_ERROR;
				GCC_WARN_UNDECLARED_SELECTOR = YES;
				GCC_WARN_UNINITIALIZED_AUTOS = YES_AGGRESSIVE;
				GCC_WARN_UNUSED_FUNCTION = YES;
				GCC_WARN_UNUSED_VARIABLE = YES;
				IPHONEOS_DEPLOYMENT_TARGET = 12.0;
				MTL_ENABLE_DEBUG_INFO = NO;
				MTL_FAST_MATH = YES;
				SDKROOT = iphoneos;
				SWIFT_COMPILATION_MODE = wholemodule;
				SWIFT_OPTIMIZATION_LEVEL = "-O";
				VALIDATE_PRODUCT = YES;
			};
			name = Release;
		};
		ADFD92DB2105D5F9004F74B5 /* Debug */ = {
			isa = XCBuildConfiguration;
			baseConfigurationReference = E20F292E34070630C734E69C /* Pods-LeisureMap.debug.xcconfig */;
			buildSettings = {
				ASSETCATALOG_COMPILER_APPICON_NAME = AppIcon;
				CODE_SIGN_STYLE = Automatic;
				INFOPLIST_FILE = LeisureMap/Info.plist;
				LD_RUNPATH_SEARCH_PATHS = (
					"$(inherited)",
					"@executable_path/Frameworks",
				);
				PRODUCT_BUNDLE_IDENTIFIER = edu.abc.LeisureMap;
				PRODUCT_NAME = "$(TARGET_NAME)";
				SWIFT_VERSION = 4.2;
				TARGETED_DEVICE_FAMILY = "1,2";
			};
			name = Debug;
		};
		ADFD92DC2105D5F9004F74B5 /* Release */ = {
			isa = XCBuildConfiguration;
			baseConfigurationReference = ECAD6046AF9882EF97A3293E /* Pods-LeisureMap.release.xcconfig */;
			buildSettings = {
				ASSETCATALOG_COMPILER_APPICON_NAME = AppIcon;
				CODE_SIGN_STYLE = Automatic;
				INFOPLIST_FILE = LeisureMap/Info.plist;
				LD_RUNPATH_SEARCH_PATHS = (
					"$(inherited)",
					"@executable_path/Frameworks",
				);
				PRODUCT_BUNDLE_IDENTIFIER = edu.abc.LeisureMap;
				PRODUCT_NAME = "$(TARGET_NAME)";
				SWIFT_VERSION = 4.2;
				TARGETED_DEVICE_FAMILY = "1,2";
			};
			name = Release;
		};
		ADFD92DE2105D5F9004F74B5 /* Debug */ = {
			isa = XCBuildConfiguration;
			baseConfigurationReference = B9B61DDAD772FFC5A663FDF1 /* Pods-LeisureMapTests.debug.xcconfig */;
			buildSettings = {
				ALWAYS_EMBED_SWIFT_STANDARD_LIBRARIES = YES;
				BUNDLE_LOADER = "$(TEST_HOST)";
				CODE_SIGN_STYLE = Automatic;
				INFOPLIST_FILE = LeisureMapTests/Info.plist;
				LD_RUNPATH_SEARCH_PATHS = (
					"$(inherited)",
					"@executable_path/Frameworks",
					"@loader_path/Frameworks",
				);
				PRODUCT_BUNDLE_IDENTIFIER = edu.abc.LeisureMapTests;
				PRODUCT_NAME = "$(TARGET_NAME)";
				SWIFT_VERSION = 4.2;
				TARGETED_DEVICE_FAMILY = "1,2";
				TEST_HOST = "$(BUILT_PRODUCTS_DIR)/LeisureMap.app/LeisureMap";
			};
			name = Debug;
		};
		ADFD92DF2105D5F9004F74B5 /* Release */ = {
			isa = XCBuildConfiguration;
			baseConfigurationReference = 97ED758D27A31AF676DA82C7 /* Pods-LeisureMapTests.release.xcconfig */;
			buildSettings = {
				ALWAYS_EMBED_SWIFT_STANDARD_LIBRARIES = YES;
				BUNDLE_LOADER = "$(TEST_HOST)";
				CODE_SIGN_STYLE = Automatic;
				INFOPLIST_FILE = LeisureMapTests/Info.plist;
				LD_RUNPATH_SEARCH_PATHS = (
					"$(inherited)",
					"@executable_path/Frameworks",
					"@loader_path/Frameworks",
				);
				PRODUCT_BUNDLE_IDENTIFIER = edu.abc.LeisureMapTests;
				PRODUCT_NAME = "$(TARGET_NAME)";
				SWIFT_VERSION = 4.2;
				TARGETED_DEVICE_FAMILY = "1,2";
				TEST_HOST = "$(BUILT_PRODUCTS_DIR)/LeisureMap.app/LeisureMap";
			};
			name = Release;
		};
		ADFD92E12105D5F9004F74B5 /* Debug */ = {
			isa = XCBuildConfiguration;
			baseConfigurationReference = 30C3968885A9C8191B005E33 /* Pods-LeisureMapUITests.debug.xcconfig */;
			buildSettings = {
				ALWAYS_EMBED_SWIFT_STANDARD_LIBRARIES = YES;
				CODE_SIGN_STYLE = Automatic;
				INFOPLIST_FILE = LeisureMapUITests/Info.plist;
				LD_RUNPATH_SEARCH_PATHS = (
					"$(inherited)",
					"@executable_path/Frameworks",
					"@loader_path/Frameworks",
				);
				PRODUCT_BUNDLE_IDENTIFIER = edu.abc.LeisureMapUITests;
				PRODUCT_NAME = "$(TARGET_NAME)";
				SWIFT_VERSION = 4.2;
				TARGETED_DEVICE_FAMILY = "1,2";
				TEST_TARGET_NAME = LeisureMap;
			};
			name = Debug;
		};
		ADFD92E22105D5F9004F74B5 /* Release */ = {
			isa = XCBuildConfiguration;
			baseConfigurationReference = 32AF47DFC7CF0C2CFF1C1B1B /* Pods-LeisureMapUITests.release.xcconfig */;
			buildSettings = {
				ALWAYS_EMBED_SWIFT_STANDARD_LIBRARIES = YES;
				CODE_SIGN_STYLE = Automatic;
				INFOPLIST_FILE = LeisureMapUITests/Info.plist;
				LD_RUNPATH_SEARCH_PATHS = (
					"$(inherited)",
					"@executable_path/Frameworks",
					"@loader_path/Frameworks",
				);
				PRODUCT_BUNDLE_IDENTIFIER = edu.abc.LeisureMapUITests;
				PRODUCT_NAME = "$(TARGET_NAME)";
				SWIFT_VERSION = 4.2;
				TARGETED_DEVICE_FAMILY = "1,2";
				TEST_TARGET_NAME = LeisureMap;
			};
			name = Release;
		};
/* End XCBuildConfiguration section */

/* Begin XCConfigurationList section */
		ADFD92AD2105D5ED004F74B5 /* Build configuration list for PBXProject "LeisureMap" */ = {
			isa = XCConfigurationList;
			buildConfigurations = (
				ADFD92D82105D5F9004F74B5 /* Debug */,
				ADFD92D92105D5F9004F74B5 /* Release */,
			);
			defaultConfigurationIsVisible = 0;
			defaultConfigurationName = Release;
		};
		ADFD92DA2105D5F9004F74B5 /* Build configuration list for PBXNativeTarget "LeisureMap" */ = {
			isa = XCConfigurationList;
			buildConfigurations = (
				ADFD92DB2105D5F9004F74B5 /* Debug */,
				ADFD92DC2105D5F9004F74B5 /* Release */,
			);
			defaultConfigurationIsVisible = 0;
			defaultConfigurationName = Release;
		};
		ADFD92DD2105D5F9004F74B5 /* Build configuration list for PBXNativeTarget "LeisureMapTests" */ = {
			isa = XCConfigurationList;
			buildConfigurations = (
				ADFD92DE2105D5F9004F74B5 /* Debug */,
				ADFD92DF2105D5F9004F74B5 /* Release */,
			);
			defaultConfigurationIsVisible = 0;
			defaultConfigurationName = Release;
		};
		ADFD92E02105D5F9004F74B5 /* Build configuration list for PBXNativeTarget "LeisureMapUITests" */ = {
			isa = XCConfigurationList;
			buildConfigurations = (
				ADFD92E12105D5F9004F74B5 /* Debug */,
				ADFD92E22105D5F9004F74B5 /* Release */,
			);
			defaultConfigurationIsVisible = 0;
			defaultConfigurationName = Release;
		};
/* End XCConfigurationList section */
	};
	rootObject = ADFD92AA2105D5ED004F74B5 /* Project object */;
}
